
Microsoft Visual Studio Solution File, Format Version 12.00
# Visual Studio Version 16
VisualStudioVersion = 16.0.30114.105
MinimumVisualStudioVersion = 10.0.40219.1
Project("{FAE04EC0-301F-11D3-BF4B-00C04F79EFBC}") = "AntlrCSharp", "AntlrCSharp\AntlrCSharp.csproj", "{68338720-A652-4439-8DF2-797B35AD56D2}"
EndProject
Project("{FAE04EC0-301F-11D3-BF4B-00C04F79EFBC}") = "AntlrCSharpTests", "AntlrCSharpTests\AntlrCSharpTests.csproj", "{370188E7-E812-4D84-929C-D5969C977F94}"
EndProject
Global
	GlobalSection(SolutionConfigurationPlatforms) = preSolution
		Debug|Any CPU = Debug|Any CPU
		Release|Any CPU = Release|Any CPU
	EndGlobalSection
	GlobalSection(SolutionProperties) = preSolution
		HideSolutionNode = FALSE
	EndGlobalSection
	GlobalSection(ProjectConfigurationPlatforms) = postSolution
		{68338720-A652-4439-8DF2-797B35AD56D2}.Debug|Any CPU.ActiveCfg = Debug|Any CPU
		{68338720-A652-4439-8DF2-797B35AD56D2}.Debug|Any CPU.Build.0 = Debug|Any CPU
		{68338720-A652-4439-8DF2-797B35AD56D2}.Release|Any CPU.ActiveCfg = Release|Any CPU
		{68338720-A652-4439-8DF2-797B35AD56D2}.Release|Any CPU.Build.0 = Release|Any CPU
		{370188E7-E812-4D84-929C-D5969C977F94}.Debug|Any CPU.ActiveCfg = Debug|Any CPU
		{370188E7-E812-4D84-929C-D5969C977F94}.Debug|Any CPU.Build.0 = Debug|Any CPU
		{370188E7-E812-4D84-929C-D5969C977F94}.Release|Any CPU.ActiveCfg = Release|Any CPU
		{370188E7-E812-4D84-929C-D5969C977F94}.Release|Any CPU.Build.0 = Release|Any CPU
	EndGlobalSection
EndGlobal
