
Microsoft Visual Studio Solution File, Format Version 12.00
# Visual Studio 14
VisualStudioVersion = 14.0.25420.1
MinimumVisualStudioVersion = 10.0.40219.1
Project("{FAE04EC0-301F-11D3-BF4B-00C04F79EFBC}") = "AntlrCSharp", "AntlrCSharp\AntlrCSharp.csproj", "{24EF9045-0180-4285-B536-FDE0342C41EC}"
EndProject
Project("{FAE04EC0-301F-11D3-BF4B-00C04F79EFBC}") = "AntlrCSharpTests", "AntlrCSharpTests\AntlrCSharpTests.csproj", "{0A76366B-C614-4A56-A787-6B86321600E9}"
EndProject
Global
	GlobalSection(SolutionConfigurationPlatforms) = preSolution
		Debug|Any CPU = Debug|Any CPU
		Release|Any CPU = Release|Any CPU
	EndGlobalSection
	GlobalSection(ProjectConfigurationPlatforms) = postSolution
		{24EF9045-0180-4285-B536-FDE0342C41EC}.Debug|Any CPU.ActiveCfg = Debug|Any CPU
		{24EF9045-0180-4285-B536-FDE0342C41EC}.Debug|Any CPU.Build.0 = Debug|Any CPU
		{24EF9045-0180-4285-B536-FDE0342C41EC}.Release|Any CPU.ActiveCfg = Release|Any CPU
		{24EF9045-0180-4285-B536-FDE0342C41EC}.Release|Any CPU.Build.0 = Release|Any CPU
		{0A76366B-C614-4A56-A787-6B86321600E9}.Debug|Any CPU.ActiveCfg = Debug|Any CPU
		{0A76366B-C614-4A56-A787-6B86321600E9}.Debug|Any CPU.Build.0 = Debug|Any CPU
		{0A76366B-C614-4A56-A787-6B86321600E9}.Release|Any CPU.ActiveCfg = Release|Any CPU
		{0A76366B-C614-4A56-A787-6B86321600E9}.Release|Any CPU.Build.0 = Release|Any CPU
	EndGlobalSection
	GlobalSection(SolutionProperties) = preSolution
		HideSolutionNode = FALSE
	EndGlobalSection
EndGlobal
